
Microsoft Visual Studio Solution File, Format Version 12.00
# Visual Studio Version 17
VisualStudioVersion = 17.14.36202.13 d17.14
MinimumVisualStudioVersion = 10.0.40219.1
Project("{FAE04EC0-301F-11D3-BF4B-00C04F79EFBC}") = "TestChatApp", "TestChatApp.csproj", "{A280949B-7CBA-46D7-84F5-01202F4072BB}"
EndProject
Project("{FAE04EC0-301F-11D3-BF4B-00C04F79EFBC}") = "Server", "..\Server\Server.csproj", "{614FE675-B6B0-4787-AF76-3D95C7201C1D}"
EndProject
Project("{FAE04EC0-301F-11D3-BF4B-00C04F79EFBC}") = "Client", "..\Client\Client.csproj", "{19F5919F-2E0C-43EF-BB2F-2D3340E6943C}"
EndProject
Global
	GlobalSection(SolutionConfigurationPlatforms) = preSolution
		Debug|Any CPU = Debug|Any CPU
		Release|Any CPU = Release|Any CPU
	EndGlobalSection
	GlobalSection(ProjectConfigurationPlatforms) = postSolution
		{A280949B-7CBA-46D7-84F5-01202F4072BB}.Debug|Any CPU.ActiveCfg = Debug|Any CPU
		{A280949B-7CBA-46D7-84F5-01202F4072BB}.Debug|Any CPU.Build.0 = Debug|Any CPU
		{A280949B-7CBA-46D7-84F5-01202F4072BB}.Release|Any CPU.ActiveCfg = Release|Any CPU
		{A280949B-7CBA-46D7-84F5-01202F4072BB}.Release|Any CPU.Build.0 = Release|Any CPU
		{614FE675-B6B0-4787-AF76-3D95C7201C1D}.Debug|Any CPU.ActiveCfg = Debug|Any CPU
		{614FE675-B6B0-4787-AF76-3D95C7201C1D}.Debug|Any CPU.Build.0 = Debug|Any CPU
		{614FE675-B6B0-4787-AF76-3D95C7201C1D}.Release|Any CPU.ActiveCfg = Release|Any CPU
		{614FE675-B6B0-4787-AF76-3D95C7201C1D}.Release|Any CPU.Build.0 = Release|Any CPU
		{19F5919F-2E0C-43EF-BB2F-2D3340E6943C}.Debug|Any CPU.ActiveCfg = Debug|Any CPU
		{19F5919F-2E0C-43EF-BB2F-2D3340E6943C}.Debug|Any CPU.Build.0 = Debug|Any CPU
		{19F5919F-2E0C-43EF-BB2F-2D3340E6943C}.Release|Any CPU.ActiveCfg = Release|Any CPU
		{19F5919F-2E0C-43EF-BB2F-2D3340E6943C}.Release|Any CPU.Build.0 = Release|Any CPU
	EndGlobalSection
	GlobalSection(SolutionProperties) = preSolution
		HideSolutionNode = FALSE
	EndGlobalSection
	GlobalSection(ExtensibilityGlobals) = postSolution
		SolutionGuid = {0A55A16D-266A-47EC-BE74-A0D735DECE96}
	EndGlobalSection
EndGlobal
